
Microsoft Visual Studio Solution File, Format Version 12.00
# Visual Studio Version 17
VisualStudioVersion = 17.14.36203.30
MinimumVisualStudioVersion = 10.0.40219.1
Project("{FAE04EC0-301F-11D3-BF4B-00C04F79EFBC}") = "AlphaBIM_AddInsWPF1_duan1", "AlphaBIM_AddInsWPF1_duan1\AlphaBIM_AddInsWPF1_duan1.csproj", "{C3BE973A-7921-4FC4-B037-3A3974156CF9}"
EndProject
Project("{FAE04EC0-301F-11D3-BF4B-00C04F79EFBC}") = "AlphaBIM_RevitAddin1_khongcoWPF", "AlphaBIM_RevitAddin1_khongcoWPF\AlphaBIM_RevitAddin1_khongcoWPF.csproj", "{766D30B5-1E37-46FB-9A90-4AF28CD58B46}"
EndProject
Global
	GlobalSection(SolutionConfigurationPlatforms) = preSolution
		Debug|Any CPU = Debug|Any CPU
		Release|Any CPU = Release|Any CPU
	EndGlobalSection
	GlobalSection(ProjectConfigurationPlatforms) = postSolution
		{C3BE973A-7921-4FC4-B037-3A3974156CF9}.Debug|Any CPU.ActiveCfg = Debug|Any CPU
		{C3BE973A-7921-4FC4-B037-3A3974156CF9}.Debug|Any CPU.Build.0 = Debug|Any CPU
		{C3BE973A-7921-4FC4-B037-3A3974156CF9}.Release|Any CPU.ActiveCfg = Release|Any CPU
		{C3BE973A-7921-4FC4-B037-3A3974156CF9}.Release|Any CPU.Build.0 = Release|Any CPU
		{766D30B5-1E37-46FB-9A90-4AF28CD58B46}.Debug|Any CPU.ActiveCfg = Debug|Any CPU
		{766D30B5-1E37-46FB-9A90-4AF28CD58B46}.Debug|Any CPU.Build.0 = Debug|Any CPU
		{766D30B5-1E37-46FB-9A90-4AF28CD58B46}.Release|Any CPU.ActiveCfg = Release|Any CPU
		{766D30B5-1E37-46FB-9A90-4AF28CD58B46}.Release|Any CPU.Build.0 = Release|Any CPU
	EndGlobalSection
	GlobalSection(SolutionProperties) = preSolution
		HideSolutionNode = FALSE
	EndGlobalSection
	GlobalSection(ExtensibilityGlobals) = postSolution
		SolutionGuid = {51032AEA-D518-490B-9E1B-1A9B5BDAFED1}
	EndGlobalSection
EndGlobal
